
Microsoft Visual Studio Solution File, Format Version 12.00
# Visual Studio 15
VisualStudioVersion = 15.0.28010.2048
MinimumVisualStudioVersion = 10.0.40219.1
Project("{9A19103F-16F7-4668-BE54-9A1E7A4F7556}") = "WorkflowApi", "WorkflowApi\WorkflowApi.csproj", "{8437C0CB-F980-4937-86D8-E1E4A531C29D}"
EndProject
Project("{FAE04EC0-301F-11D3-BF4B-00C04F79EFBC}") = "WorkflowService", "WorkflowService\WorkflowService.csproj", "{2F074057-0684-4B78-91CA-40D2A4BA28AC}"
EndProject
Project("{FAE04EC0-301F-11D3-BF4B-00C04F79EFBC}") = "Workflow.Model", "Workflow.Model\Workflow.Model.csproj", "{D4F330E3-D8B6-4BF0-8A54-78FDE3CD5A1E}"
EndProject
Project("{FAE04EC0-301F-11D3-BF4B-00C04F79EFBC}") = "Workflow.Infrastructure", "Workflow.Infrastructure\Workflow.Infrastructure.csproj", "{E94AAE64-7484-440C-8D51-140BA0811695}"
EndProject
Project("{2150E333-8FDC-42A3-9474-1A3956D46DE8}") = "Workflow", "Workflow", "{E3F3586F-FD11-4E04-9BDB-9C257D5EC06A}"
EndProject
Project("{FAE04EC0-301F-11D3-BF4B-00C04F79EFBC}") = "ApprovalActivity", "ApprovalActivity\ApprovalActivity.csproj", "{85056D29-EE33-4619-9127-3A55B69F5A4E}"
EndProject
Project("{9A19103F-16F7-4668-BE54-9A1E7A4F7556}") = "Workflow.Entites", "Workflow.Model2\Workflow.Entites.csproj", "{F262F2D3-7506-48BA-9665-DF64A17F58D5}"
EndProject
Project("{9A19103F-16F7-4668-BE54-9A1E7A4F7556}") = "DbClient", "ClassLibrary4\DbClient.csproj", "{6DA68979-371D-419F-AC0B-434ADC2680BE}"
EndProject
Project("{FAE04EC0-301F-11D3-BF4B-00C04F79EFBC}") = "WorkflowService1", "WorkflowService1\WorkflowService1.csproj", "{87EB4136-4808-49C5-94D5-F0519E36B87A}"
EndProject
Project("{9A19103F-16F7-4668-BE54-9A1E7A4F7556}") = "Workflow.Repository", "Workflow.Repository\Workflow.Repository.csproj", "{B7347A43-BC74-439A-B22D-152AF5EAE980}"
EndProject
Project("{9A19103F-16F7-4668-BE54-9A1E7A4F7556}") = "Workflow.Domain", "Workflow.Domain\Workflow.Domain.csproj", "{8CD39363-3D4D-4EFE-89F9-F2A856ECF363}"
EndProject
Project("{FAE04EC0-301F-11D3-BF4B-00C04F79EFBC}") = "Workflow.Common", "Workflow.Common\Workflow.Common.csproj", "{BFDB75E2-456F-450A-A401-E96C7F945C73}"
EndProject
Global
	GlobalSection(SolutionConfigurationPlatforms) = preSolution
		Debug|Any CPU = Debug|Any CPU
		Release|Any CPU = Release|Any CPU
	EndGlobalSection
	GlobalSection(ProjectConfigurationPlatforms) = postSolution
		{8437C0CB-F980-4937-86D8-E1E4A531C29D}.Debug|Any CPU.ActiveCfg = Debug|Any CPU
		{8437C0CB-F980-4937-86D8-E1E4A531C29D}.Debug|Any CPU.Build.0 = Debug|Any CPU
		{8437C0CB-F980-4937-86D8-E1E4A531C29D}.Release|Any CPU.ActiveCfg = Release|Any CPU
		{8437C0CB-F980-4937-86D8-E1E4A531C29D}.Release|Any CPU.Build.0 = Release|Any CPU
		{2F074057-0684-4B78-91CA-40D2A4BA28AC}.Debug|Any CPU.ActiveCfg = Debug|Any CPU
		{2F074057-0684-4B78-91CA-40D2A4BA28AC}.Debug|Any CPU.Build.0 = Debug|Any CPU
		{2F074057-0684-4B78-91CA-40D2A4BA28AC}.Release|Any CPU.ActiveCfg = Release|Any CPU
		{2F074057-0684-4B78-91CA-40D2A4BA28AC}.Release|Any CPU.Build.0 = Release|Any CPU
		{D4F330E3-D8B6-4BF0-8A54-78FDE3CD5A1E}.Debug|Any CPU.ActiveCfg = Debug|Any CPU
		{D4F330E3-D8B6-4BF0-8A54-78FDE3CD5A1E}.Debug|Any CPU.Build.0 = Debug|Any CPU
		{D4F330E3-D8B6-4BF0-8A54-78FDE3CD5A1E}.Release|Any CPU.ActiveCfg = Release|Any CPU
		{D4F330E3-D8B6-4BF0-8A54-78FDE3CD5A1E}.Release|Any CPU.Build.0 = Release|Any CPU
		{E94AAE64-7484-440C-8D51-140BA0811695}.Debug|Any CPU.ActiveCfg = Debug|Any CPU
		{E94AAE64-7484-440C-8D51-140BA0811695}.Debug|Any CPU.Build.0 = Debug|Any CPU
		{E94AAE64-7484-440C-8D51-140BA0811695}.Release|Any CPU.ActiveCfg = Release|Any CPU
		{E94AAE64-7484-440C-8D51-140BA0811695}.Release|Any CPU.Build.0 = Release|Any CPU
		{85056D29-EE33-4619-9127-3A55B69F5A4E}.Debug|Any CPU.ActiveCfg = Debug|Any CPU
		{85056D29-EE33-4619-9127-3A55B69F5A4E}.Debug|Any CPU.Build.0 = Debug|Any CPU
		{85056D29-EE33-4619-9127-3A55B69F5A4E}.Release|Any CPU.ActiveCfg = Release|Any CPU
		{85056D29-EE33-4619-9127-3A55B69F5A4E}.Release|Any CPU.Build.0 = Release|Any CPU
		{F262F2D3-7506-48BA-9665-DF64A17F58D5}.Debug|Any CPU.ActiveCfg = Debug|Any CPU
		{F262F2D3-7506-48BA-9665-DF64A17F58D5}.Debug|Any CPU.Build.0 = Debug|Any CPU
		{F262F2D3-7506-48BA-9665-DF64A17F58D5}.Release|Any CPU.ActiveCfg = Release|Any CPU
		{F262F2D3-7506-48BA-9665-DF64A17F58D5}.Release|Any CPU.Build.0 = Release|Any CPU
		{6DA68979-371D-419F-AC0B-434ADC2680BE}.Debug|Any CPU.ActiveCfg = Debug|Any CPU
		{6DA68979-371D-419F-AC0B-434ADC2680BE}.Debug|Any CPU.Build.0 = Debug|Any CPU
		{6DA68979-371D-419F-AC0B-434ADC2680BE}.Release|Any CPU.ActiveCfg = Release|Any CPU
		{6DA68979-371D-419F-AC0B-434ADC2680BE}.Release|Any CPU.Build.0 = Release|Any CPU
		{87EB4136-4808-49C5-94D5-F0519E36B87A}.Debug|Any CPU.ActiveCfg = Debug|Any CPU
		{87EB4136-4808-49C5-94D5-F0519E36B87A}.Debug|Any CPU.Build.0 = Debug|Any CPU
		{87EB4136-4808-49C5-94D5-F0519E36B87A}.Release|Any CPU.ActiveCfg = Release|Any CPU
		{87EB4136-4808-49C5-94D5-F0519E36B87A}.Release|Any CPU.Build.0 = Release|Any CPU
		{B7347A43-BC74-439A-B22D-152AF5EAE980}.Debug|Any CPU.ActiveCfg = Debug|Any CPU
		{B7347A43-BC74-439A-B22D-152AF5EAE980}.Debug|Any CPU.Build.0 = Debug|Any CPU
		{B7347A43-BC74-439A-B22D-152AF5EAE980}.Release|Any CPU.ActiveCfg = Release|Any CPU
		{B7347A43-BC74-439A-B22D-152AF5EAE980}.Release|Any CPU.Build.0 = Release|Any CPU
		{8CD39363-3D4D-4EFE-89F9-F2A856ECF363}.Debug|Any CPU.ActiveCfg = Debug|Any CPU
		{8CD39363-3D4D-4EFE-89F9-F2A856ECF363}.Debug|Any CPU.Build.0 = Debug|Any CPU
		{8CD39363-3D4D-4EFE-89F9-F2A856ECF363}.Release|Any CPU.ActiveCfg = Release|Any CPU
		{8CD39363-3D4D-4EFE-89F9-F2A856ECF363}.Release|Any CPU.Build.0 = Release|Any CPU
		{BFDB75E2-456F-450A-A401-E96C7F945C73}.Debug|Any CPU.ActiveCfg = Debug|Any CPU
		{BFDB75E2-456F-450A-A401-E96C7F945C73}.Debug|Any CPU.Build.0 = Debug|Any CPU
		{BFDB75E2-456F-450A-A401-E96C7F945C73}.Release|Any CPU.ActiveCfg = Release|Any CPU
		{BFDB75E2-456F-450A-A401-E96C7F945C73}.Release|Any CPU.Build.0 = Release|Any CPU
	EndGlobalSection
	GlobalSection(SolutionProperties) = preSolution
		HideSolutionNode = FALSE
	EndGlobalSection
	GlobalSection(NestedProjects) = preSolution
		{2F074057-0684-4B78-91CA-40D2A4BA28AC} = {E3F3586F-FD11-4E04-9BDB-9C257D5EC06A}
		{85056D29-EE33-4619-9127-3A55B69F5A4E} = {E3F3586F-FD11-4E04-9BDB-9C257D5EC06A}
		{87EB4136-4808-49C5-94D5-F0519E36B87A} = {E3F3586F-FD11-4E04-9BDB-9C257D5EC06A}
	EndGlobalSection
	GlobalSection(ExtensibilityGlobals) = postSolution
		SolutionGuid = {45A01369-F490-4B68-96A2-1A8DC7F47054}
	EndGlobalSection
EndGlobal
